
Microsoft Visual Studio Solution File, Format Version 12.00
# Visual Studio Version 16
VisualStudioVersion = 16.0.32126.315
MinimumVisualStudioVersion = 10.0.40219.1
Project("{159641D6-6404-4A2A-AE62-294DE0FE8301}") = "Integration Services Project1", "Integration Services Project1\Integration Services Project1.dtproj", "{F4A0F4E7-A0A9-4FD1-A021-EA0BB49B0646}"
EndProject
Global
	GlobalSection(SolutionConfigurationPlatforms) = preSolution
		Development|Default = Development|Default
	EndGlobalSection
	GlobalSection(ProjectConfigurationPlatforms) = postSolution
		{F4A0F4E7-A0A9-4FD1-A021-EA0BB49B0646}.Development|Default.ActiveCfg = Development
		{F4A0F4E7-A0A9-4FD1-A021-EA0BB49B0646}.Development|Default.Build.0 = Development
	EndGlobalSection
	GlobalSection(SolutionProperties) = preSolution
		HideSolutionNode = FALSE
	EndGlobalSection
	GlobalSection(ExtensibilityGlobals) = postSolution
		SolutionGuid = {EE5E1A7D-F0D5-4AE8-93BF-678C5E9D9815}
	EndGlobalSection
EndGlobal
